
Microsoft Visual Studio Solution File, Format Version 12.00
# Visual Studio Version 17
VisualStudioVersion = 17.11.35125.118
MinimumVisualStudioVersion = 10.0.40219.1
Project("{9A19103F-16F7-4668-BE54-9A1E7A4F7556}") = "StarCrossing.HybridApp", "src\StarCrossing.HybridApp\StarCrossing.HybridApp.csproj", "{E894C88A-DBFF-427A-8053-F9BC1F7C7866}"
EndProject
Project("{9A19103F-16F7-4668-BE54-9A1E7A4F7556}") = "StarCrossing.Sqlite", "src\StarCrossing.Sqlite\StarCrossing.Sqlite.csproj", "{2BA61F81-4A63-4C25-9A6E-29C707DCCB1B}"
EndProject
Project("{9A19103F-16F7-4668-BE54-9A1E7A4F7556}") = "StarCrossing", "src\StarCrossing\StarCrossing.csproj", "{3F8EB954-4EBC-4107-A8A4-579AD0811809}"
EndProject
Global
	GlobalSection(SolutionConfigurationPlatforms) = preSolution
		Debug|Any CPU = Debug|Any CPU
		Release|Any CPU = Release|Any CPU
	EndGlobalSection
	GlobalSection(ProjectConfigurationPlatforms) = postSolution
		{E894C88A-DBFF-427A-8053-F9BC1F7C7866}.Debug|Any CPU.ActiveCfg = Debug|Any CPU
		{E894C88A-DBFF-427A-8053-F9BC1F7C7866}.Debug|Any CPU.Build.0 = Debug|Any CPU
		{E894C88A-DBFF-427A-8053-F9BC1F7C7866}.Debug|Any CPU.Deploy.0 = Debug|Any CPU
		{E894C88A-DBFF-427A-8053-F9BC1F7C7866}.Release|Any CPU.ActiveCfg = Release|Any CPU
		{E894C88A-DBFF-427A-8053-F9BC1F7C7866}.Release|Any CPU.Build.0 = Release|Any CPU
		{E894C88A-DBFF-427A-8053-F9BC1F7C7866}.Release|Any CPU.Deploy.0 = Release|Any CPU
		{2BA61F81-4A63-4C25-9A6E-29C707DCCB1B}.Debug|Any CPU.ActiveCfg = Debug|Any CPU
		{2BA61F81-4A63-4C25-9A6E-29C707DCCB1B}.Debug|Any CPU.Build.0 = Debug|Any CPU
		{2BA61F81-4A63-4C25-9A6E-29C707DCCB1B}.Release|Any CPU.ActiveCfg = Release|Any CPU
		{2BA61F81-4A63-4C25-9A6E-29C707DCCB1B}.Release|Any CPU.Build.0 = Release|Any CPU
		{3F8EB954-4EBC-4107-A8A4-579AD0811809}.Debug|Any CPU.ActiveCfg = Debug|Any CPU
		{3F8EB954-4EBC-4107-A8A4-579AD0811809}.Debug|Any CPU.Build.0 = Debug|Any CPU
		{3F8EB954-4EBC-4107-A8A4-579AD0811809}.Release|Any CPU.ActiveCfg = Release|Any CPU
		{3F8EB954-4EBC-4107-A8A4-579AD0811809}.Release|Any CPU.Build.0 = Release|Any CPU
	EndGlobalSection
	GlobalSection(SolutionProperties) = preSolution
		HideSolutionNode = FALSE
	EndGlobalSection
	GlobalSection(ExtensibilityGlobals) = postSolution
		SolutionGuid = {6B520FC5-67D1-491C-B58C-845902DC3CFA}
	EndGlobalSection
EndGlobal
